
Microsoft Visual Studio Solution File, Format Version 12.00
# Visual Studio 15
VisualStudioVersion = 15.0.27428.2037
MinimumVisualStudioVersion = 10.0.40219.1
Project("{FAE04EC0-301F-11D3-BF4B-00C04F79EFBC}") = "AkkaStreamTcp", "AkkaStreamTcp\AkkaStreamTcp.csproj", "{3A0E2EF4-A384-44D3-9A04-C1B0F1ADFF7E}"
EndProject
Project("{FAE04EC0-301F-11D3-BF4B-00C04F79EFBC}") = "AkkaStreamTcpClient", "AkkaStreamTcpClient\AkkaStreamTcpClient.csproj", "{FE025108-2501-427C-93A0-F5232D10B078}"
EndProject
Global
	GlobalSection(SolutionConfigurationPlatforms) = preSolution
		Debug|Any CPU = Debug|Any CPU
		Release|Any CPU = Release|Any CPU
	EndGlobalSection
	GlobalSection(ProjectConfigurationPlatforms) = postSolution
		{3A0E2EF4-A384-44D3-9A04-C1B0F1ADFF7E}.Debug|Any CPU.ActiveCfg = Debug|Any CPU
		{3A0E2EF4-A384-44D3-9A04-C1B0F1ADFF7E}.Debug|Any CPU.Build.0 = Debug|Any CPU
		{3A0E2EF4-A384-44D3-9A04-C1B0F1ADFF7E}.Release|Any CPU.ActiveCfg = Release|Any CPU
		{3A0E2EF4-A384-44D3-9A04-C1B0F1ADFF7E}.Release|Any CPU.Build.0 = Release|Any CPU
		{FE025108-2501-427C-93A0-F5232D10B078}.Debug|Any CPU.ActiveCfg = Debug|Any CPU
		{FE025108-2501-427C-93A0-F5232D10B078}.Debug|Any CPU.Build.0 = Debug|Any CPU
		{FE025108-2501-427C-93A0-F5232D10B078}.Release|Any CPU.ActiveCfg = Release|Any CPU
		{FE025108-2501-427C-93A0-F5232D10B078}.Release|Any CPU.Build.0 = Release|Any CPU
	EndGlobalSection
	GlobalSection(SolutionProperties) = preSolution
		HideSolutionNode = FALSE
	EndGlobalSection
	GlobalSection(ExtensibilityGlobals) = postSolution
		SolutionGuid = {35674F04-5482-4EF8-90E1-70058B0D9763}
	EndGlobalSection
EndGlobal
