
Microsoft Visual Studio Solution File, Format Version 12.00
# Visual Studio 14
VisualStudioVersion = 14.0.25123.0
MinimumVisualStudioVersion = 10.0.40219.1
Project("{FAE04EC0-301F-11D3-BF4B-00C04F79EFBC}") = "SigilCSharp", "SigilCSharp\SigilCSharp.csproj", "{E5F47D87-1B30-4B54-87A8-63F5FCC7A19B}"
EndProject
Project("{FAE04EC0-301F-11D3-BF4B-00C04F79EFBC}") = "Samplejunk", "Samplejunk\Samplejunk.csproj", "{F561AD6A-2E09-4F9C-B00B-53DE3FA75514}"
EndProject
Global
	GlobalSection(SolutionConfigurationPlatforms) = preSolution
		Debug|Any CPU = Debug|Any CPU
		Release|Any CPU = Release|Any CPU
	EndGlobalSection
	GlobalSection(ProjectConfigurationPlatforms) = postSolution
		{E5F47D87-1B30-4B54-87A8-63F5FCC7A19B}.Debug|Any CPU.ActiveCfg = Debug|Any CPU
		{E5F47D87-1B30-4B54-87A8-63F5FCC7A19B}.Debug|Any CPU.Build.0 = Debug|Any CPU
		{E5F47D87-1B30-4B54-87A8-63F5FCC7A19B}.Release|Any CPU.ActiveCfg = Release|Any CPU
		{E5F47D87-1B30-4B54-87A8-63F5FCC7A19B}.Release|Any CPU.Build.0 = Release|Any CPU
		{F561AD6A-2E09-4F9C-B00B-53DE3FA75514}.Debug|Any CPU.ActiveCfg = Debug|Any CPU
		{F561AD6A-2E09-4F9C-B00B-53DE3FA75514}.Debug|Any CPU.Build.0 = Debug|Any CPU
		{F561AD6A-2E09-4F9C-B00B-53DE3FA75514}.Release|Any CPU.ActiveCfg = Release|Any CPU
		{F561AD6A-2E09-4F9C-B00B-53DE3FA75514}.Release|Any CPU.Build.0 = Release|Any CPU
	EndGlobalSection
	GlobalSection(SolutionProperties) = preSolution
		HideSolutionNode = FALSE
	EndGlobalSection
EndGlobal
