
Microsoft Visual Studio Solution File, Format Version 12.00
# Visual Studio 15
VisualStudioVersion = 15.0.28307.421
MinimumVisualStudioVersion = 10.0.40219.1
Project("{F2A71F9B-5D33-465A-A702-920D77279786}") = "AkkaFSharp", "AkkaFSharp\AkkaFSharp.fsproj", "{141C08F0-D851-48EB-B0CA-6B1B0D5284DA}"
EndProject
Global
	GlobalSection(SolutionConfigurationPlatforms) = preSolution
		Debug|Any CPU = Debug|Any CPU
		Release|Any CPU = Release|Any CPU
	EndGlobalSection
	GlobalSection(ProjectConfigurationPlatforms) = postSolution
		{141C08F0-D851-48EB-B0CA-6B1B0D5284DA}.Debug|Any CPU.ActiveCfg = Debug|Any CPU
		{141C08F0-D851-48EB-B0CA-6B1B0D5284DA}.Debug|Any CPU.Build.0 = Debug|Any CPU
		{141C08F0-D851-48EB-B0CA-6B1B0D5284DA}.Release|Any CPU.ActiveCfg = Release|Any CPU
		{141C08F0-D851-48EB-B0CA-6B1B0D5284DA}.Release|Any CPU.Build.0 = Release|Any CPU
	EndGlobalSection
	GlobalSection(SolutionProperties) = preSolution
		HideSolutionNode = FALSE
	EndGlobalSection
	GlobalSection(ExtensibilityGlobals) = postSolution
		SolutionGuid = {84952EF7-51FE-4A70-8852-677AE06EC2E4}
	EndGlobalSection
EndGlobal
